github.com/antoniszymanski/option-go v0.2.2 h1:KhG7mnMdc43ZveunIZvTXoUOWgYtC0ohrX766SGTGIM=
github.com/antoniszymanski/option-go v0.2.2/go.mod h1:Lp7HRITKtcMA69eDG7ZV0RMH0a9bbGtlsmo77aTpOPs=
github.com/cli/browser v1.3.1-0.20231006085632-b393df5d7bfa h1:TwQMqyL9qyLKVLfsx7bVC1JxMcFjGxdfio4Ttsp2pEc=
github.com/cli/browser v1.3.1-0.20231006085632-b393df5d7bfa/go.mod h1:HH8s+fOAxjhQoBUAsKuPCbqUuxZDhQ2/aD+SzsEfBTk=
github.com/go-json-experiment/json v0.0.0-20251027170946-4849db3c2f7e h1:Lf/gRkoycfOBPa42vU2bbgPurFong6zXeFtPoxholzU=
github.com/go-json-experiment/json v0.0.0-20251027170946-4849db3c2f7e/go.mod h1:uNVvRXArCGbZ508SxYYTC5v1JWoz2voff5pm25jU1Ok=
golang.org/x/exp v0.0.0-20251113190631-e25ba8c21ef6 h1:zfMcR1Cs4KNuomFFgGefv5N0czO2XZpUbxGUy8i8ug0=
golang.org/x/exp v0.0.0-20251113190631-e25ba8c21ef6/go.mod h1:46edojNIoXTNOhySWIWdix628clX9ODXwPsQuG6hsK0=
golang.org/x/sys v0.13.0 h1:Af8nKPmuFypiUBjVoU9V20FiaFXOcuZI21p0ycVYYGE=
golang.org/x/sys v0.13.0/go.mod h1:oPkhp1MJrh7nUepCBck5+mAzfO9JrbApNNgaTdGDITg=
