github.com/antoniszymanski/option-go v0.4.0 h1:fTgRx8EEsAkZNaj4vwHxlo37uVPBPhq/Y/GKmZbPBBo=
github.com/antoniszymanski/option-go v0.4.0/go.mod h1:7SFqQQpRK81BMwToya76vPllbU//Caj4IpVcdTWlx08=
github.com/cli/browser v1.3.1-0.20260522163920-a8d7ce699460 h1:/MXzCmcjgNLf+0NmaG/Ufbi22WUX7ufVQl2CdI+T7EY=
github.com/cli/browser v1.3.1-0.20260522163920-a8d7ce699460/go.mod h1:ZKoEOcOjqCp+q67ojCTqVPQFhjLUWYQz55wmJjRVEkk=
github.com/go-json-experiment/json v0.0.0-20260601182631-00ed12fed2a6 h1:nxP4pPoyqOAgX8lYDFCfl3DyKeXErCvSvhcyzwGV9CE=
github.com/go-json-experiment/json v0.0.0-20260601182631-00ed12fed2a6/go.mod h1:tphK2c80bpPhMOI4v6bIc2xWywPfbqi1Z06+RcrMkDg=
golang.org/x/sys v0.44.0 h1:ildZl3J4uzeKP07r2F++Op7E9B29JRUy+a27EibtBTQ=
golang.org/x/sys v0.44.0/go.mod h1:4GL1E5IUh+htKOUEOaiffhrAeqysfVGipDYzABqnCmw=
